PODS:
  - shared (1.0)
  - Swinject (2.8.3)

DEPENDENCIES:
  - shared (from `../shared`)
  - Swinject

SPEC REPOS:
  https://github.com/CocoaPods/Specs.git:
    - Swinject

EXTERNAL SOURCES:
  shared:
    :path: "../shared"

SPEC CHECKSUMS:
  shared: 2d3b24a8fe27b7d9e65b8d075a9672fbc6a1aa10
  Swinject: 893c9a543000ac2f10ee4cbaf0933c6992c935d5

PODFILE CHECKSUM: c18650f0ecff149cad1798d08da0aa97bd70ea03

COCOAPODS: 1.12.1
